// !$*UTF8*$!
{
	archiveVersion = 1;
	classes = {
	};
	objectVersion = 48;
	objects = {

/* Begin PBXBuildFile section */
		3C442EB4215F1F5100F526FE /* MyAutoTimerView.m in Sources */ = {isa = PBXBuildFile; fileRef = 3C442EB2215F1F5100F526FE /* MyAutoTimerView.m */; };
		3C442EB5215F1F5100F526FE /* MyAutoTimerView.h in Headers */ = {isa = PBXBuildFile; fileRef = 3C442EB3215F1F5100F526FE /* MyAutoTimerView.h */; };
		3C4ECC84214D4126003C61D6 /* UIKit.framework in Frameworks */ = {isa = PBXBuildFile; fileRef = 3C4ECC83214D4126003C61D6 /* UIKit.framework */; };
		3C4ECC86214D4126003C61D6 /* Foundation.framework in Frameworks */ = {isa = PBXBuildFile; fileRef = 3C4ECC85214D4126003C61D6 /* Foundation.framework */; };
		3C4ECC88214D4126003C61D6 /* CydiaSubstrate.framework in Frameworks */ = {isa = PBXBuildFile; fileRef = 3C4ECC87214D4126003C61D6 /* CydiaSubstrate.framework */; };
		3C4ECC91214D4126003C61D6 /* Alipay_AntForest.mm in Sources */ = {isa = PBXBuildFile; fileRef = 3C4ECC90214D4126003C61D6 /* Alipay_AntForest.mm */; };
		3C4ECCC0214D478D003C61D6 /* H5WebViewController.h in Headers */ = {isa = PBXBuildFile; fileRef = 3C4ECCB4214D478D003C61D6 /* H5WebViewController.h */; };
		3C4ECCC1214D478D003C61D6 /* APListData.m in Sources */ = {isa = PBXBuildFile; fileRef = 3C4ECCB5214D478D003C61D6 /* APListData.m */; };
		3C4ECCC2214D478D003C61D6 /* Header.h in Headers */ = {isa = PBXBuildFile; fileRef = 3C4ECCB6214D478D003C61D6 /* Header.h */; };
		3C4ECCC3214D478D003C61D6 /* APListData.h in Headers */ = {isa = PBXBuildFile; fileRef = 3C4ECCB7214D478D003C61D6 /* APListData.h */; };
		3C4ECCC4214D478D003C61D6 /* H5WebViewController.m in Sources */ = {isa = PBXBuildFile; fileRef = 3C4ECCB8214D478D003C61D6 /* H5WebViewController.m */; };
		3C4ECCC5214D478D003C61D6 /* PSDJsBridge.h in Headers */ = {isa = PBXBuildFile; fileRef = 3C4ECCB9214D478D003C61D6 /* PSDJsBridge.h */; };
		3C4ECCC6214D478D003C61D6 /* AUToast.h in Headers */ = {isa = PBXBuildFile; fileRef = 3C4ECCBA214D478D003C61D6 /* AUToast.h */; };
		3C4ECCC7214D478D003C61D6 /* NSDictionary+DLog.h in Headers */ = {isa = PBXBuildFile; fileRef = 3C4ECCBC214D478D003C61D6 /* NSDictionary+DLog.h */; };
		3C4ECCC8214D478D003C61D6 /* NSArray+DLog.h in Headers */ = {isa = PBXBuildFile; fileRef = 3C4ECCBD214D478D003C61D6 /* NSArray+DLog.h */; };
		3C4ECCC9214D478D003C61D6 /* NSDictionary+DLog.m in Sources */ = {isa = PBXBuildFile; fileRef = 3C4ECCBE214D478D003C61D6 /* NSDictionary+DLog.m */; };
		3C4ECCCA214D478D003C61D6 /* NSArray+DLog.m in Sources */ = {isa = PBXBuildFile; fileRef = 3C4ECCBF214D478D003C61D6 /* NSArray+DLog.m */; };
		3C6319F521D493B600F85F01 /* OCExpandableButton.h in Headers */ = {isa = PBXBuildFile; fileRef = 3C6319F321D493B600F85F01 /* OCExpandableButton.h */; };
		3C6319F621D493B600F85F01 /* OCExpandableButton.m in Sources */ = {isa = PBXBuildFile; fileRef = 3C6319F421D493B600F85F01 /* OCExpandableButton.m */; };
		3C6319F821D4962E00F85F01 /* CoreGraphics.framework in Frameworks */ = {isa = PBXBuildFile; fileRef = 3C6319F721D4962E00F85F01 /* CoreGraphics.framework */; };
		3C6319FA21D4965200F85F01 /* QuartzCore.framework in Frameworks */ = {isa = PBXBuildFile; fileRef = 3C6319F921D4965200F85F01 /* QuartzCore.framework */; };
		3C912AD621D3C44B00DD9627 /* libsqlite3.tbd in Frameworks */ = {isa = PBXBuildFile; fileRef = 3C912AD521D3C44B00DD9627 /* libsqlite3.tbd */; };
		3C912AF121D3C4F100DD9627 /* BGDB.h in Headers */ = {isa = PBXBuildFile; fileRef = 3C912ADA21D3C4F100DD9627 /* BGDB.h */; };
		3C912AF221D3C4F100DD9627 /* BGDB.m in Sources */ = {isa = PBXBuildFile; fileRef = 3C912ADB21D3C4F100DD9627 /* BGDB.m */; };
		3C912AF321D3C4F100DD9627 /* BGFMDB.h in Headers */ = {isa = PBXBuildFile; fileRef = 3C912ADC21D3C4F100DD9627 /* BGFMDB.h */; };
		3C912AF421D3C4F100DD9627 /* BGFMDBConfig.h in Headers */ = {isa = PBXBuildFile; fileRef = 3C912ADD21D3C4F100DD9627 /* BGFMDBConfig.h */; };
		3C912AF521D3C4F100DD9627 /* BGTool.h in Headers */ = {isa = PBXBuildFile; fileRef = 3C912ADE21D3C4F100DD9627 /* BGTool.h */; };
		3C912AF621D3C4F100DD9627 /* BGTool.m in Sources */ = {isa = PBXBuildFile; fileRef = 3C912ADF21D3C4F100DD9627 /* BGTool.m */; };
		3C912AF721D3C4F100DD9627 /* NSCache+BGCache.h in Headers */ = {isa = PBXBuildFile; fileRef = 3C912AE021D3C4F100DD9627 /* NSCache+BGCache.h */; };
		3C912AF821D3C4F100DD9627 /* NSCache+BGCache.m in Sources */ = {isa = PBXBuildFile; fileRef = 3C912AE121D3C4F100DD9627 /* NSCache+BGCache.m */; };
		3C912AF921D3C4F100DD9627 /* NSObject+BGModel.h in Headers */ = {isa = PBXBuildFile; fileRef = 3C912AE221D3C4F100DD9627 /* NSObject+BGModel.h */; };
		3C912AFA21D3C4F100DD9627 /* NSObject+BGModel.m in Sources */ = {isa = PBXBuildFile; fileRef = 3C912AE321D3C4F100DD9627 /* NSObject+BGModel.m */; };
		3C912AFB21D3C4F100DD9627 /* FMDB.h in Headers */ = {isa = PBXBuildFile; fileRef = 3C912AE521D3C4F100DD9627 /* FMDB.h */; };
		3C912AFC21D3C4F100DD9627 /* FMDatabase.h in Headers */ = {isa = PBXBuildFile; fileRef = 3C912AE621D3C4F100DD9627 /* FMDatabase.h */; };
		3C912AFD21D3C4F100DD9627 /* FMDatabase.m in Sources */ = {isa = PBXBuildFile; fileRef = 3C912AE721D3C4F100DD9627 /* FMDatabase.m */; };
		3C912AFE21D3C4F100DD9627 /* FMDatabaseAdditions.h in Headers */ = {isa = PBXBuildFile; fileRef = 3C912AE821D3C4F100DD9627 /* FMDatabaseAdditions.h */; };
		3C912AFF21D3C4F100DD9627 /* FMDatabaseAdditions.m in Sources */ = {isa = PBXBuildFile; fileRef = 3C912AE921D3C4F100DD9627 /* FMDatabaseAdditions.m */; };
		3C912B0021D3C4F100DD9627 /* FMDatabasePool.h in Headers */ = {isa = PBXBuildFile; fileRef = 3C912AEA21D3C4F100DD9627 /* FMDatabasePool.h */; };
		3C912B0121D3C4F100DD9627 /* FMDatabasePool.m in Sources */ = {isa = PBXBuildFile; fileRef = 3C912AEB21D3C4F100DD9627 /* FMDatabasePool.m */; };
		3C912B0221D3C4F100DD9627 /* FMDatabaseQueue.h in Headers */ = {isa = PBXBuildFile; fileRef = 3C912AEC21D3C4F100DD9627 /* FMDatabaseQueue.h */; };
		3C912B0321D3C4F100DD9627 /* FMDatabaseQueue.m in Sources */ = {isa = PBXBuildFile; fileRef = 3C912AED21D3C4F100DD9627 /* FMDatabaseQueue.m */; };
		3C912B0421D3C4F100DD9627 /* FMResultSet.h in Headers */ = {isa = PBXBuildFile; fileRef = 3C912AEE21D3C4F100DD9627 /* FMResultSet.h */; };
		3C912B0521D3C4F100DD9627 /* FMResultSet.m in Sources */ = {isa = PBXBuildFile; fileRef = 3C912AEF21D3C4F100DD9627 /* FMResultSet.m */; };
		3C912B0821D3C51700DD9627 /* Friend.h in Headers */ = {isa = PBXBuildFile; fileRef = 3C912B0621D3C51700DD9627 /* Friend.h */; };
		3C912B0921D3C51700DD9627 /* Friend.m in Sources */ = {isa = PBXBuildFile; fileRef = 3C912B0721D3C51700DD9627 /* Friend.m */; };
		3C912B0C21D3C7AF00DD9627 /* Bubble.h in Headers */ = {isa = PBXBuildFile; fileRef = 3C912B0A21D3C7AF00DD9627 /* Bubble.h */; };
		3C912B0D21D3C7AF00DD9627 /* Bubble.m in Sources */ = {isa = PBXBuildFile; fileRef = 3C912B0B21D3C7AF00DD9627 /* Bubble.m */; };
		3C912B0F21D3CA6F00DD9627 /* CoreData.framework in Frameworks */ = {isa = PBXBuildFile; fileRef = 3C912B0E21D3CA6F00DD9627 /* CoreData.framework */; };
		3CD1F48821D51BE900978E17 /* WaterFriend.h in Headers */ = {isa = PBXBuildFile; fileRef = 3CD1F48621D51BE900978E17 /* WaterFriend.h */; };
		3CD1F48921D51BE900978E17 /* WaterFriend.m in Sources */ = {isa = PBXBuildFile; fileRef = 3CD1F48721D51BE900978E17 /* WaterFriend.m */; };
/* End PBXBuildFile section */

/* Begin PBXFileReference section */
		3C442EB2215F1F5100F526FE /* MyAutoTimerView.m */ = {isa = PBXFileReference; fileEncoding = 4; lastKnownFileType = sourcecode.c.objc; path = MyAutoTimerView.m; sourceTree = "<group>"; };
		3C442EB3215F1F5100F526FE /* MyAutoTimerView.h */ = {isa = PBXFileReference; fileEncoding = 4; lastKnownFileType = sourcecode.c.h; path = MyAutoTimerView.h; sourceTree = "<group>"; };
		3C4ECC80214D4126003C61D6 /* Alipay_AntForest.dylib */ = {isa = PBXFileReference; explicitFileType = "compiled.mach-o.dylib"; includeInIndex = 0; path = Alipay_AntForest.dylib; sourceTree = BUILT_PRODUCTS_DIR; };
		3C4ECC83214D4126003C61D6 /* UIKit.framework */ = {isa = PBXFileReference; lastKnownFileType = wrapper.framework; name = UIKit.framework; path = System/Library/Frameworks/UIKit.framework; sourceTree = SDKROOT; };
		3C4ECC85214D4126003C61D6 /* Foundation.framework */ = {isa = PBXFileReference; lastKnownFileType = wrapper.framework; name = Foundation.framework; path = System/Library/Frameworks/Foundation.framework; sourceTree = SDKROOT; };
		3C4ECC87214D4126003C61D6 /* CydiaSubstrate.framework */ = {isa = PBXFileReference; lastKnownFileType = wrapper.framework; name = CydiaSubstrate.framework; path = Library/Frameworks/CydiaSubstrate.framework; sourceTree = DEVELOPER_DIR; };
		3C4ECC8C214D4126003C61D6 /* control */ = {isa = PBXFileReference; lastKnownFileType = text; name = control; path = Package/DEBIAN/control; sourceTree = "<group>"; };
		3C4ECC8E214D4126003C61D6 /* Alipay_AntForest-Prefix.pch */ = {isa = PBXFileReference; lastKnownFileType = sourcecode.c.h; path = "Alipay_AntForest-Prefix.pch"; sourceTree = "<group>"; };
		3C4ECC8F214D4126003C61D6 /* Alipay_AntForest.xm */ = {isa = PBXFileReference; lastKnownFileType = text; path = Alipay_AntForest.xm; sourceTree = "<group>"; };
		3C4ECC90214D4126003C61D6 /* Alipay_AntForest.mm */ = {isa = PBXFileReference; lastKnownFileType = sourcecode.cpp.objcpp; path = Alipay_AntForest.mm; sourceTree = "<group>"; };
		3C4ECC95214D4126003C61D6 /* Alipay_AntForest.plist */ = {isa = PBXFileReference; lastKnownFileType = text.plist.xml; name = Alipay_AntForest.plist; path = Package/Library/MobileSubstrate/DynamicLibraries/Alipay_AntForest.plist; sourceTree = "<group>"; };
		3C4ECCB4214D478D003C61D6 /* H5WebViewController.h */ = {isa = PBXFileReference; fileEncoding = 4; lastKnownFileType = sourcecode.c.h; path = H5WebViewController.h; sourceTree = "<group>"; };
		3C4ECCB5214D478D003C61D6 /* APListData.m */ = {isa = PBXFileReference; fileEncoding = 4; lastKnownFileType = sourcecode.c.objc; path = APListData.m; sourceTree = "<group>"; };
		3C4ECCB6214D478D003C61D6 /* Header.h */ = {isa = PBXFileReference; fileEncoding = 4; lastKnownFileType = sourcecode.c.h; path = Header.h; sourceTree = "<group>"; };
		3C4ECCB7214D478D003C61D6 /* APListData.h */ = {isa = PBXFileReference; fileEncoding = 4; lastKnownFileType = sourcecode.c.h; path = APListData.h; sourceTree = "<group>"; };
		3C4ECCB8214D478D003C61D6 /* H5WebViewController.m */ = {isa = PBXFileReference; fileEncoding = 4; lastKnownFileType = sourcecode.c.objc; path = H5WebViewController.m; sourceTree = "<group>"; };
		3C4ECCB9214D478D003C61D6 /* PSDJsBridge.h */ = {isa = PBXFileReference; fileEncoding = 4; lastKnownFileType = sourcecode.c.h; path = PSDJsBridge.h; sourceTree = "<group>"; };
		3C4ECCBA214D478D003C61D6 /* AUToast.h */ = {isa = PBXFileReference; fileEncoding = 4; lastKnownFileType = sourcecode.c.h; path = AUToast.h; sourceTree = "<group>"; };
		3C4ECCBC214D478D003C61D6 /* NSDictionary+DLog.h */ = {isa = PBXFileReference; fileEncoding = 4; lastKnownFileType = sourcecode.c.h; path = "NSDictionary+DLog.h"; sourceTree = "<group>"; };
		3C4ECCBD214D478D003C61D6 /* NSArray+DLog.h */ = {isa = PBXFileReference; fileEncoding = 4; lastKnownFileType = sourcecode.c.h; path = "NSArray+DLog.h"; sourceTree = "<group>"; };
		3C4ECCBE214D478D003C61D6 /* NSDictionary+DLog.m */ = {isa = PBXFileReference; fileEncoding = 4; lastKnownFileType = sourcecode.c.objc; path = "NSDictionary+DLog.m"; sourceTree = "<group>"; };
		3C4ECCBF214D478D003C61D6 /* NSArray+DLog.m */ = {isa = PBXFileReference; fileEncoding = 4; lastKnownFileType = sourcecode.c.objc; path = "NSArray+DLog.m"; sourceTree = "<group>"; };
		3C6319F321D493B600F85F01 /* OCExpandableButton.h */ = {isa = PBXFileReference; fileEncoding = 4; lastKnownFileType = sourcecode.c.h; path = OCExpandableButton.h; sourceTree = "<group>"; };
		3C6319F421D493B600F85F01 /* OCExpandableButton.m */ = {isa = PBXFileReference; fileEncoding = 4; lastKnownFileType = sourcecode.c.objc; path = OCExpandableButton.m; sourceTree = "<group>"; };
		3C6319F721D4962E00F85F01 /* CoreGraphics.framework */ = {isa = PBXFileReference; lastKnownFileType = wrapper.framework; name = CoreGraphics.framework; path = System/Library/Frameworks/CoreGraphics.framework; sourceTree = SDKROOT; };
		3C6319F921D4965200F85F01 /* QuartzCore.framework */ = {isa = PBXFileReference; lastKnownFileType = wrapper.framework; name = QuartzCore.framework; path = System/Library/Frameworks/QuartzCore.framework; sourceTree = SDKROOT; };
		3C912AD521D3C44B00DD9627 /* libsqlite3.tbd */ = {isa = PBXFileReference; lastKnownFileType = "sourcecode.text-based-dylib-definition"; name = libsqlite3.tbd; path = usr/lib/libsqlite3.tbd; sourceTree = SDKROOT; };
		3C912ADA21D3C4F100DD9627 /* BGDB.h */ = {isa = PBXFileReference; fileEncoding = 4; lastKnownFileType = sourcecode.c.h; path = BGDB.h; sourceTree = "<group>"; };
		3C912ADB21D3C4F100DD9627 /* BGDB.m */ = {isa = PBXFileReference; fileEncoding = 4; lastKnownFileType = sourcecode.c.objc; path = BGDB.m; sourceTree = "<group>"; };
		3C912ADC21D3C4F100DD9627 /* BGFMDB.h */ = {isa = PBXFileReference; fileEncoding = 4; lastKnownFileType = sourcecode.c.h; path = BGFMDB.h; sourceTree = "<group>"; };
		3C912ADD21D3C4F100DD9627 /* BGFMDBConfig.h */ = {isa = PBXFileReference; fileEncoding = 4; lastKnownFileType = sourcecode.c.h; path = BGFMDBConfig.h; sourceTree = "<group>"; };
		3C912ADE21D3C4F100DD9627 /* BGTool.h */ = {isa = PBXFileReference; fileEncoding = 4; lastKnownFileType = sourcecode.c.h; path = BGTool.h; sourceTree = "<group>"; };
		3C912ADF21D3C4F100DD9627 /* BGTool.m */ = {isa = PBXFileReference; fileEncoding = 4; lastKnownFileType = sourcecode.c.objc; path = BGTool.m; sourceTree = "<group>"; };
		3C912AE021D3C4F100DD9627 /* NSCache+BGCache.h */ = {isa = PBXFileReference; fileEncoding = 4; lastKnownFileType = sourcecode.c.h; path = "NSCache+BGCache.h"; sourceTree = "<group>"; };
		3C912AE121D3C4F100DD9627 /* NSCache+BGCache.m */ = {isa = PBXFileReference; fileEncoding = 4; lastKnownFileType = sourcecode.c.objc; path = "NSCache+BGCache.m"; sourceTree = "<group>"; };
		3C912AE221D3C4F100DD9627 /* NSObject+BGModel.h */ = {isa = PBXFileReference; fileEncoding = 4; lastKnownFileType = sourcecode.c.h; path = "NSObject+BGModel.h"; sourceTree = "<group>"; };
		3C912AE321D3C4F100DD9627 /* NSObject+BGModel.m */ = {isa = PBXFileReference; fileEncoding = 4; lastKnownFileType = sourcecode.c.objc; path = "NSObject+BGModel.m"; sourceTree = "<group>"; };
		3C912AE521D3C4F100DD9627 /* FMDB.h */ = {isa = PBXFileReference; fileEncoding = 4; lastKnownFileType = sourcecode.c.h; path = FMDB.h; sourceTree = "<group>"; };
		3C912AE621D3C4F100DD9627 /* FMDatabase.h */ = {isa = PBXFileReference; fileEncoding = 4; lastKnownFileType = sourcecode.c.h; path = FMDatabase.h; sourceTree = "<group>"; };
		3C912AE721D3C4F100DD9627 /* FMDatabase.m */ = {isa = PBXFileReference; fileEncoding = 4; lastKnownFileType = sourcecode.c.objc; path = FMDatabase.m; sourceTree = "<group>"; };
		3C912AE821D3C4F100DD9627 /* FMDatabaseAdditions.h */ = {isa = PBXFileReference; fileEncoding = 4; lastKnownFileType = sourcecode.c.h; path = FMDatabaseAdditions.h; sourceTree = "<group>"; };
		3C912AE921D3C4F100DD9627 /* FMDatabaseAdditions.m */ = {isa = PBXFileReference; fileEncoding = 4; lastKnownFileType = sourcecode.c.objc; path = FMDatabaseAdditions.m; sourceTree = "<group>"; };
		3C912AEA21D3C4F100DD9627 /* FMDatabasePool.h */ = {isa = PBXFileReference; fileEncoding = 4; lastKnownFileType = sourcecode.c.h; path = FMDatabasePool.h; sourceTree = "<group>"; };
		3C912AEB21D3C4F100DD9627 /* FMDatabasePool.m */ = {isa = PBXFileReference; fileEncoding = 4; lastKnownFileType = sourcecode.c.objc; path = FMDatabasePool.m; sourceTree = "<group>"; };
		3C912AEC21D3C4F100DD9627 /* FMDatabaseQueue.h */ = {isa = PBXFileReference; fileEncoding = 4; lastKnownFileType = sourcecode.c.h; path = FMDatabaseQueue.h; sourceTree = "<group>"; };
		3C912AED21D3C4F100DD9627 /* FMDatabaseQueue.m */ = {isa = PBXFileReference; fileEncoding = 4; lastKnownFileType = sourcecode.c.objc; path = FMDatabaseQueue.m; sourceTree = "<group>"; };
		3C912AEE21D3C4F100DD9627 /* FMResultSet.h */ = {isa = PBXFileReference; fileEncoding = 4; lastKnownFileType = sourcecode.c.h; path = FMResultSet.h; sourceTree = "<group>"; };
		3C912AEF21D3C4F100DD9627 /* FMResultSet.m */ = {isa = PBXFileReference; fileEncoding = 4; lastKnownFileType = sourcecode.c.objc; path = FMResultSet.m; sourceTree = "<group>"; };
		3C912AF021D3C4F100DD9627 /* Info.plist */ = {isa = PBXFileReference; fileEncoding = 4; lastKnownFileType = text.plist.xml; path = Info.plist; sourceTree = "<group>"; };
		3C912B0621D3C51700DD9627 /* Friend.h */ = {isa = PBXFileReference; lastKnownFileType = sourcecode.c.h; path = Friend.h; sourceTree = "<group>"; };
		3C912B0721D3C51700DD9627 /* Friend.m */ = {isa = PBXFileReference; lastKnownFileType = sourcecode.c.objc; path = Friend.m; sourceTree = "<group>"; };
		3C912B0A21D3C7AF00DD9627 /* Bubble.h */ = {isa = PBXFileReference; lastKnownFileType = sourcecode.c.h; path = Bubble.h; sourceTree = "<group>"; };
		3C912B0B21D3C7AF00DD9627 /* Bubble.m */ = {isa = PBXFileReference; lastKnownFileType = sourcecode.c.objc; path = Bubble.m; sourceTree = "<group>"; };
		3C912B0E21D3CA6F00DD9627 /* CoreData.framework */ = {isa = PBXFileReference; lastKnownFileType = wrapper.framework; name = CoreData.framework; path = System/Library/Frameworks/CoreData.framework; sourceTree = SDKROOT; };
		3CD1F48621D51BE900978E17 /* WaterFriend.h */ = {isa = PBXFileReference; lastKnownFileType = sourcecode.c.h; path = WaterFriend.h; sourceTree = "<group>"; };
		3CD1F48721D51BE900978E17 /* WaterFriend.m */ = {isa = PBXFileReference; lastKnownFileType = sourcecode.c.objc; path = WaterFriend.m; sourceTree = "<group>"; };
/* End PBXFileReference section */

/* Begin PBXFrameworksBuildPhase section */
		3C4ECC7C214D4126003C61D6 /* Frameworks */ = {
			isa = PBXFrameworksBuildPhase;
			buildActionMask = 2147483647;
			files = (
				3C6319FA21D4965200F85F01 /* QuartzCore.framework in Frameworks */,
				3C6319F821D4962E00F85F01 /* CoreGraphics.framework in Frameworks */,
				3C912B0F21D3CA6F00DD9627 /* CoreData.framework in Frameworks */,
				3C912AD621D3C44B00DD9627 /* libsqlite3.tbd in Frameworks */,
				3C4ECC84214D4126003C61D6 /* UIKit.framework in Frameworks */,
				3C4ECC86214D4126003C61D6 /* Foundation.framework in Frameworks */,
				3C4ECC88214D4126003C61D6 /* CydiaSubstrate.framework in Frameworks */,
			);
			runOnlyForDeploymentPostprocessing = 0;
		};
/* End PBXFrameworksBuildPhase section */

/* Begin PBXGroup section */
		3C4ECC75214D4126003C61D6 = {
			isa = PBXGroup;
			children = (
				3C4ECC89214D4126003C61D6 /* Alipay_AntForest */,
				3C4ECC82214D4126003C61D6 /* Frameworks */,
				3C4ECC81214D4126003C61D6 /* Products */,
			);
			sourceTree = "<group>";
		};
		3C4ECC81214D4126003C61D6 /* Products */ = {
			isa = PBXGroup;
			children = (
				3C4ECC80214D4126003C61D6 /* Alipay_AntForest.dylib */,
			);
			name = Products;
			sourceTree = "<group>";
		};
		3C4ECC82214D4126003C61D6 /* Frameworks */ = {
			isa = PBXGroup;
			children = (
				3C6319F921D4965200F85F01 /* QuartzCore.framework */,
				3C6319F721D4962E00F85F01 /* CoreGraphics.framework */,
				3C912B0E21D3CA6F00DD9627 /* CoreData.framework */,
				3C912AD521D3C44B00DD9627 /* libsqlite3.tbd */,
				3C4ECC83214D4126003C61D6 /* UIKit.framework */,
				3C4ECC85214D4126003C61D6 /* Foundation.framework */,
				3C4ECC87214D4126003C61D6 /* CydiaSubstrate.framework */,
			);
			name = Frameworks;
			sourceTree = "<group>";
		};
		3C4ECC89214D4126003C61D6 /* Alipay_AntForest */ = {
			isa = PBXGroup;
			children = (
				3C912AD721D3C4F100DD9627 /* thirdParty */,
				3C4ECCB3214D478D003C61D6 /* class */,
				3C4ECCBB214D478D003C61D6 /* tools */,
				3C4ECC8F214D4126003C61D6 /* Alipay_AntForest.xm */,
				3C4ECC90214D4126003C61D6 /* Alipay_AntForest.mm */,
				3C4ECC8A214D4126003C61D6 /* Package */,
				3C4ECC8D214D4126003C61D6 /* Supporting Files */,
			);
			path = Alipay_AntForest;
			sourceTree = "<group>";
		};
		3C4ECC8A214D4126003C61D6 /* Package */ = {
			isa = PBXGroup;
			children = (
				3C4ECC8B214D4126003C61D6 /* DEBIAN */,
				3C4ECC92214D4126003C61D6 /* Library */,
			);
			name = Package;
			sourceTree = "<group>";
		};
		3C4ECC8B214D4126003C61D6 /* DEBIAN */ = {
			isa = PBXGroup;
			children = (
				3C4ECC8C214D4126003C61D6 /* control */,
			);
			name = DEBIAN;
			sourceTree = "<group>";
		};
		3C4ECC8D214D4126003C61D6 /* Supporting Files */ = {
			isa = PBXGroup;
			children = (
				3C4ECC8E214D4126003C61D6 /* Alipay_AntForest-Prefix.pch */,
			);
			name = "Supporting Files";
			sourceTree = "<group>";
		};
		3C4ECC92214D4126003C61D6 /* Library */ = {
			isa = PBXGroup;
			children = (
				3C4ECC93214D4126003C61D6 /* MobileSubstrate */,
			);
			name = Library;
			sourceTree = "<group>";
		};
		3C4ECC93214D4126003C61D6 /* MobileSubstrate */ = {
			isa = PBXGroup;
			children = (
				3C4ECC94214D4126003C61D6 /* DynamicLibraries */,
			);
			name = MobileSubstrate;
			sourceTree = "<group>";
		};
		3C4ECC94214D4126003C61D6 /* DynamicLibraries */ = {
			isa = PBXGroup;
			children = (
				3C4ECC95214D4126003C61D6 /* Alipay_AntForest.plist */,
			);
			name = DynamicLibraries;
			sourceTree = "<group>";
		};
		3C4ECCB3214D478D003C61D6 /* class */ = {
			isa = PBXGroup;
			children = (
				3C442EB3215F1F5100F526FE /* MyAutoTimerView.h */,
				3C442EB2215F1F5100F526FE /* MyAutoTimerView.m */,
				3C4ECCB4214D478D003C61D6 /* H5WebViewController.h */,
				3C4ECCB8214D478D003C61D6 /* H5WebViewController.m */,
				3C4ECCB5214D478D003C61D6 /* APListData.m */,
				3C4ECCB6214D478D003C61D6 /* Header.h */,
				3C4ECCB7214D478D003C61D6 /* APListData.h */,
				3C4ECCB9214D478D003C61D6 /* PSDJsBridge.h */,
				3C4ECCBA214D478D003C61D6 /* AUToast.h */,
				3C912B0621D3C51700DD9627 /* Friend.h */,
				3C912B0721D3C51700DD9627 /* Friend.m */,
				3C912B0A21D3C7AF00DD9627 /* Bubble.h */,
				3C912B0B21D3C7AF00DD9627 /* Bubble.m */,
				3CD1F48621D51BE900978E17 /* WaterFriend.h */,
				3CD1F48721D51BE900978E17 /* WaterFriend.m */,
			);
			path = class;
			sourceTree = "<group>";
		};
		3C4ECCBB214D478D003C61D6 /* tools */ = {
			isa = PBXGroup;
			children = (
				3C4ECCBC214D478D003C61D6 /* NSDictionary+DLog.h */,
				3C4ECCBD214D478D003C61D6 /* NSArray+DLog.h */,
				3C4ECCBE214D478D003C61D6 /* NSDictionary+DLog.m */,
				3C4ECCBF214D478D003C61D6 /* NSArray+DLog.m */,
			);
			path = tools;
			sourceTree = "<group>";
		};
		3C6319F221D493B600F85F01 /* OCExpandableButton */ = {
			isa = PBXGroup;
			children = (
				3C6319F321D493B600F85F01 /* OCExpandableButton.h */,
				3C6319F421D493B600F85F01 /* OCExpandableButton.m */,
			);
			path = OCExpandableButton;
			sourceTree = "<group>";
		};
		3C912AD721D3C4F100DD9627 /* thirdParty */ = {
			isa = PBXGroup;
			children = (
				3C6319F221D493B600F85F01 /* OCExpandableButton */,
				3C912AD821D3C4F100DD9627 /* libs */,
			);
			path = thirdParty;
			sourceTree = "<group>";
		};
		3C912AD821D3C4F100DD9627 /* libs */ = {
			isa = PBXGroup;
			children = (
				3C912AD921D3C4F100DD9627 /* BG */,
				3C912AE421D3C4F100DD9627 /* FMDB */,
			);
			path = libs;
			sourceTree = "<group>";
		};
		3C912AD921D3C4F100DD9627 /* BG */ = {
			isa = PBXGroup;
			children = (
				3C912ADA21D3C4F100DD9627 /* BGDB.h */,
				3C912ADB21D3C4F100DD9627 /* BGDB.m */,
				3C912ADC21D3C4F100DD9627 /* BGFMDB.h */,
				3C912ADD21D3C4F100DD9627 /* BGFMDBConfig.h */,
				3C912ADE21D3C4F100DD9627 /* BGTool.h */,
				3C912ADF21D3C4F100DD9627 /* BGTool.m */,
				3C912AE021D3C4F100DD9627 /* NSCache+BGCache.h */,
				3C912AE121D3C4F100DD9627 /* NSCache+BGCache.m */,
				3C912AE221D3C4F100DD9627 /* NSObject+BGModel.h */,
				3C912AE321D3C4F100DD9627 /* NSObject+BGModel.m */,
			);
			path = BG;
			sourceTree = "<group>";
		};
		3C912AE421D3C4F100DD9627 /* FMDB */ = {
			isa = PBXGroup;
			children = (
				3C912AE521D3C4F100DD9627 /* FMDB.h */,
				3C912AE621D3C4F100DD9627 /* FMDatabase.h */,
				3C912AE721D3C4F100DD9627 /* FMDatabase.m */,
				3C912AE821D3C4F100DD9627 /* FMDatabaseAdditions.h */,
				3C912AE921D3C4F100DD9627 /* FMDatabaseAdditions.m */,
				3C912AEA21D3C4F100DD9627 /* FMDatabasePool.h */,
				3C912AEB21D3C4F100DD9627 /* FMDatabasePool.m */,
				3C912AEC21D3C4F100DD9627 /* FMDatabaseQueue.h */,
				3C912AED21D3C4F100DD9627 /* FMDatabaseQueue.m */,
				3C912AEE21D3C4F100DD9627 /* FMResultSet.h */,
				3C912AEF21D3C4F100DD9627 /* FMResultSet.m */,
				3C912AF021D3C4F100DD9627 /* Info.plist */,
			);
			path = FMDB;
			sourceTree = "<group>";
		};
/* End PBXGroup section */

/* Begin PBXHeadersBuildPhase section */
		3C4ECC7D214D4126003C61D6 /* Headers */ = {
			isa = PBXHeadersBuildPhase;
			buildActionMask = 2147483647;
			files = (
				3C912B0021D3C4F100DD9627 /* FMDatabasePool.h in Headers */,
				3C912AFB21D3C4F100DD9627 /* FMDB.h in Headers */,
				3C912AF721D3C4F100DD9627 /* NSCache+BGCache.h in Headers */,
				3C4ECCC5214D478D003C61D6 /* PSDJsBridge.h in Headers */,
				3C912B0C21D3C7AF00DD9627 /* Bubble.h in Headers */,
				3C912AF521D3C4F100DD9627 /* BGTool.h in Headers */,
				3C4ECCC0214D478D003C61D6 /* H5WebViewController.h in Headers */,
				3C912AF321D3C4F100DD9627 /* BGFMDB.h in Headers */,
				3C912AF121D3C4F100DD9627 /* BGDB.h in Headers */,
				3C442EB5215F1F5100F526FE /* MyAutoTimerView.h in Headers */,
				3C6319F521D493B600F85F01 /* OCExpandableButton.h in Headers */,
				3C912B0421D3C4F100DD9627 /* FMResultSet.h in Headers */,
				3C4ECCC2214D478D003C61D6 /* Header.h in Headers */,
				3C912B0821D3C51700DD9627 /* Friend.h in Headers */,
				3CD1F48821D51BE900978E17 /* WaterFriend.h in Headers */,
				3C912AFE21D3C4F100DD9627 /* FMDatabaseAdditions.h in Headers */,
				3C912B0221D3C4F100DD9627 /* FMDatabaseQueue.h in Headers */,
				3C4ECCC6214D478D003C61D6 /* AUToast.h in Headers */,
				3C912AFC21D3C4F100DD9627 /* FMDatabase.h in Headers */,
				3C4ECCC3214D478D003C61D6 /* APListData.h in Headers */,
				3C4ECCC8214D478D003C61D6 /* NSArray+DLog.h in Headers */,
				3C912AF421D3C4F100DD9627 /* BGFMDBConfig.h in Headers */,
				3C4ECCC7214D478D003C61D6 /* NSDictionary+DLog.h in Headers */,
				3C912AF921D3C4F100DD9627 /* NSObject+BGModel.h in Headers */,
			);
			runOnlyForDeploymentPostprocessing = 0;
		};
/* End PBXHeadersBuildPhase section */

/* Begin PBXNativeTarget section */
		3C4ECC7F214D4126003C61D6 /* Alipay_AntForest */ = {
			isa = PBXNativeTarget;
			buildConfigurationList = 3C4ECC98214D4126003C61D6 /* Build configuration list for PBXNativeTarget "Alipay_AntForest" */;
			buildPhases = (
				3C4ECC7A214D4126003C61D6 /* ShellScript */,
				3C4ECC7B214D4126003C61D6 /* Sources */,
				3C4ECC7C214D4126003C61D6 /* Frameworks */,
				3C4ECC7D214D4126003C61D6 /* Headers */,
				3C4ECC7E214D4126003C61D6 /* ShellScript */,
			);
			buildRules = (
			);
			dependencies = (
			);
			name = Alipay_AntForest;
			productName = Alipay_AntForest;
			productReference = 3C4ECC80214D4126003C61D6 /* Alipay_AntForest.dylib */;
			productType = "com.apple.product-type.library.dynamic";
		};
/* End PBXNativeTarget section */

/* Begin PBXProject section */
		3C4ECC76214D4126003C61D6 /* Project object */ = {
			isa = PBXProject;
			attributes = {
				LastUpgradeCheck = 0920;
				TargetAttributes = {
					3C4ECC7F214D4126003C61D6 = {
						CreatedOnToolsVersion = 9.2;
						ProvisioningStyle = Automatic;
					};
				};
			};
			buildConfigurationList = 3C4ECC79214D4126003C61D6 /* Build configuration list for PBXProject "Alipay_AntForest" */;
			compatibilityVersion = "Xcode 8.0";
			developmentRegion = en;
			hasScannedForEncodings = 0;
			knownRegions = (
				en,
			);
			mainGroup = 3C4ECC75214D4126003C61D6;
			productRefGroup = 3C4ECC81214D4126003C61D6 /* Products */;
			projectDirPath = "";
			projectRoot = "";
			targets = (
				3C4ECC7F214D4126003C61D6 /* Alipay_AntForest */,
			);
		};
/* End PBXProject section */

/* Begin PBXShellScriptBuildPhase section */
		3C4ECC7A214D4126003C61D6 /* ShellScript */ = {
			isa = PBXShellScriptBuildPhase;
			buildActionMask = 2147483647;
			files = (
			);
			inputPaths = (
			);
			outputPaths = (
			);
			runOnlyForDeploymentPostprocessing = 0;
			shellPath = /bin/sh;
			shellScript = "/opt/MonkeyDev/bin/md --xcbp-logos";
		};
		3C4ECC7E214D4126003C61D6 /* ShellScript */ = {
			isa = PBXShellScriptBuildPhase;
			buildActionMask = 2147483647;
			files = (
			);
			inputPaths = (
			);
			outputPaths = (
			);
			runOnlyForDeploymentPostprocessing = 0;
			shellPath = /bin/sh;
			shellScript = "/opt/MonkeyDev/bin/md --xcbp";
		};
/* End PBXShellScriptBuildPhase section */

/* Begin PBXSourcesBuildPhase section */
		3C4ECC7B214D4126003C61D6 /* Sources */ = {
			isa = PBXSourcesBuildPhase;
			buildActionMask = 2147483647;
			files = (
				3C912B0D21D3C7AF00DD9627 /* Bubble.m in Sources */,
				3C6319F621D493B600F85F01 /* OCExpandableButton.m in Sources */,
				3C912AFA21D3C4F100DD9627 /* NSObject+BGModel.m in Sources */,
				3C4ECCC1214D478D003C61D6 /* APListData.m in Sources */,
				3C912B0121D3C4F100DD9627 /* FMDatabasePool.m in Sources */,
				3C912B0321D3C4F100DD9627 /* FMDatabaseQueue.m in Sources */,
				3C4ECCCA214D478D003C61D6 /* NSArray+DLog.m in Sources */,
				3CD1F48921D51BE900978E17 /* WaterFriend.m in Sources */,
				3C912AF621D3C4F100DD9627 /* BGTool.m in Sources */,
				3C912AF821D3C4F100DD9627 /* NSCache+BGCache.m in Sources */,
				3C912AF221D3C4F100DD9627 /* BGDB.m in Sources */,
				3C4ECC91214D4126003C61D6 /* Alipay_AntForest.mm in Sources */,
				3C912B0521D3C4F100DD9627 /* FMResultSet.m in Sources */,
				3C442EB4215F1F5100F526FE /* MyAutoTimerView.m in Sources */,
				3C912B0921D3C51700DD9627 /* Friend.m in Sources */,
				3C4ECCC9214D478D003C61D6 /* NSDictionary+DLog.m in Sources */,
				3C912AFD21D3C4F100DD9627 /* FMDatabase.m in Sources */,
				3C4ECCC4214D478D003C61D6 /* H5WebViewController.m in Sources */,
				3C912AFF21D3C4F100DD9627 /* FMDatabaseAdditions.m in Sources */,
			);
			runOnlyForDeploymentPostprocessing = 0;
		};
/* End PBXSourcesBuildPhase section */

/* Begin XCBuildConfiguration section */
		3C4ECC96214D4126003C61D6 /* Release */ = {
			isa = XCBuildConfiguration;
			buildSettings = {
				CODE_SIGN_IDENTITY = "iPhone Developer";
				COPY_PHASE_STRIP = YES;
				EXCLUDED_RECURSIVE_SEARCH_PATH_SUBDIRECTORIES = "*.nib *.lproj *.gch (*) .DS_Store CVS .svn .git .hg *.xcodeproj *.xcode *.pbproj *.pbxproj";
				FRAMEWORK_SEARCH_PATHS = (
					"$(MonkeyDevPath)/frameworks/**",
					"$(MonkeyDevTheosPath)/vendor/lib",
				);
				GCC_C_LANGUAGE_STANDARD = gnu99;
				GCC_WARN_ABOUT_MISSING_PROTOTYPES = YES;
				GCC_WARN_ABOUT_RETURN_TYPE = YES;
				GCC_WARN_UNUSED_VARIABLE = YES;
				HEADER_SEARCH_PATHS = "$(MonkeyDevTheosPath)/vendor/include/**";
				IPHONEOS_DEPLOYMENT_TARGET = 8.0;
				LIBRARY_SEARCH_PATHS = "$(MonkeyDevTheosPath)/vendor/lib/**";
				MonkeyDevPath = /opt/MonkeyDev;
				MonkeyDevTheosPath = /opt/theos;
				OTHER_CFLAGS = "-DTHEOS_INSTANCE_NAME=\"\\\"Alipay_AntForest\\\"\"";
				SDKROOT = iphoneos;
				TARGETED_DEVICE_FAMILY = "1,2";
				VALIDATE_PRODUCT = YES;
			};
			name = Release;
		};
		3C4ECC97214D4126003C61D6 /* Debug */ = {
			isa = XCBuildConfiguration;
			buildSettings = {
				CODE_SIGN_IDENTITY = "iPhone Developer";
				COPY_PHASE_STRIP = NO;
				EXCLUDED_RECURSIVE_SEARCH_PATH_SUBDIRECTORIES = "*.nib *.lproj *.gch (*) .DS_Store CVS .svn .git .hg *.xcodeproj *.xcode *.pbproj *.pbxproj";
				FRAMEWORK_SEARCH_PATHS = (
					"$(MonkeyDevPath)/frameworks/**",
					"$(MonkeyDevTheosPath)/vendor/lib",
				);
				GCC_C_LANGUAGE_STANDARD = gnu99;
				GCC_DYNAMIC_NO_PIC = NO;
				GCC_OPTIMIZATION_LEVEL = 0;
				GCC_PREPROCESSOR_DEFINITIONS = (
					"DEBUG=1",
					"$(inherited)",
				);
				GCC_SYMBOLS_PRIVATE_EXTERN = NO;
				GCC_WARN_ABOUT_MISSING_PROTOTYPES = YES;
				GCC_WARN_ABOUT_RETURN_TYPE = YES;
				GCC_WARN_UNUSED_VARIABLE = YES;
				HEADER_SEARCH_PATHS = "$(MonkeyDevTheosPath)/vendor/include/**";
				IPHONEOS_DEPLOYMENT_TARGET = 8.0;
				LIBRARY_SEARCH_PATHS = "$(MonkeyDevTheosPath)/vendor/lib/**";
				MonkeyDevPath = /opt/MonkeyDev;
				MonkeyDevTheosPath = /opt/theos;
				ONLY_ACTIVE_ARCH = YES;
				OTHER_CFLAGS = "-DTHEOS_INSTANCE_NAME=\"\\\"Alipay_AntForest\\\"\"";
				SDKROOT = iphoneos;
				TARGETED_DEVICE_FAMILY = "1,2";
				VALIDATE_PRODUCT = NO;
			};
			name = Debug;
		};
		3C4ECC99214D4126003C61D6 /* Release */ = {
			isa = XCBuildConfiguration;
			buildSettings = {
				CLANG_ENABLE_OBJC_ARC = YES;
				CODE_SIGN_IDENTITY = "";
				CODE_SIGN_STYLE = Automatic;
				DEVELOPMENT_TEAM = "";
				DYLIB_COMPATIBILITY_VERSION = 1;
				DYLIB_CURRENT_VERSION = 1;
				GCC_PRECOMPILE_PREFIX_HEADER = YES;
				GCC_PREFIX_HEADER = "Alipay_AntForest/Alipay_AntForest-Prefix.pch";
				INSTALL_PATH = /Library/MobileSubstrate/DynamicLibraries;
				MonkeyDevBuildPackageOnAnyBuild = NO;
				MonkeyDevClearUiCacheOnInstall = NO;
				MonkeyDevCopyOnBuild = NO;
				MonkeyDevDeviceIP = localhost;
				MonkeyDevDevicePassword = alpine;
				MonkeyDevDevicePort = 2222;
				MonkeyDevInstallOnAnyBuild = YES;
				MonkeyDevInstallOnProfiling = NO;
				MonkeyDevkillProcessOnInstall = "";
				PRODUCT_NAME = "$(TARGET_NAME)";
				TARGETED_DEVICE_FAMILY = "1,2";
			};
			name = Release;
		};
		3C4ECC9A214D4126003C61D6 /* Debug */ = {
			isa = XCBuildConfiguration;
			buildSettings = {
				CLANG_ENABLE_OBJC_ARC = YES;
				CODE_SIGN_IDENTITY = "";
				CODE_SIGN_STYLE = Automatic;
				DEVELOPMENT_TEAM = "";
				DYLIB_COMPATIBILITY_VERSION = 1;
				DYLIB_CURRENT_VERSION = 1;
				GCC_PRECOMPILE_PREFIX_HEADER = YES;
				GCC_PREFIX_HEADER = "Alipay_AntForest/Alipay_AntForest-Prefix.pch";
				INSTALL_PATH = /Library/MobileSubstrate/DynamicLibraries;
				MonkeyDevBuildPackageOnAnyBuild = NO;
				MonkeyDevClearUiCacheOnInstall = NO;
				MonkeyDevCopyOnBuild = NO;
				MonkeyDevDeviceIP = localhost;
				MonkeyDevDevicePassword = alpine;
				MonkeyDevDevicePort = 2222;
				MonkeyDevInstallOnAnyBuild = YES;
				MonkeyDevInstallOnProfiling = NO;
				MonkeyDevkillProcessOnInstall = "";
				PRODUCT_NAME = "$(TARGET_NAME)";
				TARGETED_DEVICE_FAMILY = "1,2";
			};
			name = Debug;
		};
/* End XCBuildConfiguration section */

/* Begin XCConfigurationList section */
		3C4ECC79214D4126003C61D6 /* Build configuration list for PBXProject "Alipay_AntForest" */ = {
			isa = XCConfigurationList;
			buildConfigurations = (
				3C4ECC96214D4126003C61D6 /* Release */,
				3C4ECC97214D4126003C61D6 /* Debug */,
			);
			defaultConfigurationIsVisible = 0;
			defaultConfigurationName = Release;
		};
		3C4ECC98214D4126003C61D6 /* Build configuration list for PBXNativeTarget "Alipay_AntForest" */ = {
			isa = XCConfigurationList;
			buildConfigurations = (
				3C4ECC99214D4126003C61D6 /* Release */,
				3C4ECC9A214D4126003C61D6 /* Debug */,
			);
			defaultConfigurationIsVisible = 0;
			defaultConfigurationName = Release;
		};
/* End XCConfigurationList section */
	};
	rootObject = 3C4ECC76214D4126003C61D6 /* Project object */;
}
